// !$*UTF8*$!
{
	archiveVersion = 1;
	classes = {
	};
	objectVersion = 56;
	objects = {

/* Begin PBXBuildFile section */
		A9D79D442A1C5F020085E525 /* FitnessPlusCloneApp.swift in Sources */ = {isa = PBXBuildFile; fileRef = A9D79D432A1C5F020085E525 /* FitnessPlusCloneApp.swift */; };
		A9D79D462A1C5F020085E525 /* ContentView.swift in Sources */ = {isa = PBXBuildFile; fileRef = A9D79D452A1C5F020085E525 /* ContentView.swift */; };
		A9D79D482A1C5F030085E525 /* Assets.xcassets in Resources */ = {isa = PBXBuildFile; fileRef = A9D79D472A1C5F030085E525 /* Assets.xcassets */; };
		A9D79D4B2A1C5F030085E525 /* Preview Assets.xcassets in Resources */ = {isa = PBXBuildFile; fileRef = A9D79D4A2A1C5F030085E525 /* Preview Assets.xcassets */; };
		A9D79D532A1C66560085E525 /* Colors.swift in Sources */ = {isa = PBXBuildFile; fileRef = A9D79D522A1C66560085E525 /* Colors.swift */; };
		A9D79D582A1C73EC0085E525 /* SharingView.swift in Sources */ = {isa = PBXBuildFile; fileRef = A9D79D572A1C73EC0085E525 /* SharingView.swift */; };
		A9D79D5A2A1C74000085E525 /* FitnessPlusView.swift in Sources */ = {isa = PBXBuildFile; fileRef = A9D79D592A1C74000085E525 /* FitnessPlusView.swift */; };
		A9D79D5C2A1C740F0085E525 /* SummaryView.swift in Sources */ = {isa = PBXBuildFile; fileRef = A9D79D5B2A1C740F0085E525 /* SummaryView.swift */; };
		A9D79D632A1CA5730085E525 /* WelcomeView.swift in Sources */ = {isa = PBXBuildFile; fileRef = A9D79D622A1CA5730085E525 /* WelcomeView.swift */; };
		A9D79D652A1CAFAB0085E525 /* PersonalizeView.swift in Sources */ = {isa = PBXBuildFile; fileRef = A9D79D642A1CAFAB0085E525 /* PersonalizeView.swift */; };
		A9D79D672A1CC4440085E525 /* WorkoutView.swift in Sources */ = {isa = PBXBuildFile; fileRef = A9D79D662A1CC4440085E525 /* WorkoutView.swift */; };
		A9D79D692A1CC4670085E525 /* TrendView.swift in Sources */ = {isa = PBXBuildFile; fileRef = A9D79D682A1CC4670085E525 /* TrendView.swift */; };
		A9D79D792A1CD7450085E525 /* Assets.xcassets in Resources */ = {isa = PBXBuildFile; fileRef = A9D79D782A1CD7450085E525 /* Assets.xcassets */; };
		A9D79D7B2A1DA4B30085E525 /* FitnessComponent.swift in Sources */ = {isa = PBXBuildFile; fileRef = A9D79D7A2A1DA4B30085E525 /* FitnessComponent.swift */; };
		A9D79D7D2A1DA4BF0085E525 /* Scroll.swift in Sources */ = {isa = PBXBuildFile; fileRef = A9D79D7C2A1DA4BF0085E525 /* Scroll.swift */; };
		A9D79D7F2A1DA4C80085E525 /* Scroll1.swift in Sources */ = {isa = PBXBuildFile; fileRef = A9D79D7E2A1DA4C80085E525 /* Scroll1.swift */; };
		A9D79D812A1DA4D00085E525 /* Scroll2.swift in Sources */ = {isa = PBXBuildFile; fileRef = A9D79D802A1DA4D00085E525 /* Scroll2.swift */; };
		A9D79D832A1DA4D90085E525 /* Scroll3.swift in Sources */ = {isa = PBXBuildFile; fileRef = A9D79D822A1DA4D90085E525 /* Scroll3.swift */; };
		A9D79D852A1DA4E20085E525 /* Scroll4.swift in Sources */ = {isa = PBXBuildFile; fileRef = A9D79D842A1DA4E20085E525 /* Scroll4.swift */; };
		A9D79D8B2A1DACB30085E525 /* YouTubePlayerKit in Frameworks */ = {isa = PBXBuildFile; productRef = A9D79D8A2A1DACB30085E525 /* YouTubePlayerKit */; };
/* End PBXBuildFile section */

/* Begin PBXFileReference section */
		A9D79D402A1C5F020085E525 /* FitnessPlusClone.app */ = {isa = PBXFileReference; explicitFileType = wrapper.application; includeInIndex = 0; path = FitnessPlusClone.app; sourceTree = BUILT_PRODUCTS_DIR; };
		A9D79D432A1C5F020085E525 /* FitnessPlusCloneApp.swift */ = {isa = PBXFileReference; lastKnownFileType = sourcecode.swift; path = FitnessPlusCloneApp.swift; sourceTree = "<group>"; };
		A9D79D452A1C5F020085E525 /* ContentView.swift */ = {isa = PBXFileReference; lastKnownFileType = sourcecode.swift; path = ContentView.swift; sourceTree = "<group>"; };
		A9D79D472A1C5F030085E525 /* Assets.xcassets */ = {isa = PBXFileReference; lastKnownFileType = folder.assetcatalog; path = Assets.xcassets; sourceTree = "<group>"; };
		A9D79D4A2A1C5F030085E525 /* Preview Assets.xcassets */ = {isa = PBXFileReference; lastKnownFileType = folder.assetcatalog; path = "Preview Assets.xcassets"; sourceTree = "<group>"; };
		A9D79D522A1C66560085E525 /* Colors.swift */ = {isa = PBXFileReference; lastKnownFileType = sourcecode.swift; path = Colors.swift; sourceTree = "<group>"; };
		A9D79D572A1C73EC0085E525 /* SharingView.swift */ = {isa = PBXFileReference; lastKnownFileType = sourcecode.swift; path = SharingView.swift; sourceTree = "<group>"; };
		A9D79D592A1C74000085E525 /* FitnessPlusView.swift */ = {isa = PBXFileReference; lastKnownFileType = sourcecode.swift; path = FitnessPlusView.swift; sourceTree = "<group>"; };
		A9D79D5B2A1C740F0085E525 /* SummaryView.swift */ = {isa = PBXFileReference; lastKnownFileType = sourcecode.swift; path = SummaryView.swift; sourceTree = "<group>"; };
		A9D79D622A1CA5730085E525 /* WelcomeView.swift */ = {isa = PBXFileReference; lastKnownFileType = sourcecode.swift; path = WelcomeView.swift; sourceTree = "<group>"; };
		A9D79D642A1CAFAB0085E525 /* PersonalizeView.swift */ = {isa = PBXFileReference; lastKnownFileType = sourcecode.swift; path = PersonalizeView.swift; sourceTree = "<group>"; };
		A9D79D662A1CC4440085E525 /* WorkoutView.swift */ = {isa = PBXFileReference; lastKnownFileType = sourcecode.swift; path = WorkoutView.swift; sourceTree = "<group>"; };
		A9D79D682A1CC4670085E525 /* TrendView.swift */ = {isa = PBXFileReference; lastKnownFileType = sourcecode.swift; path = TrendView.swift; sourceTree = "<group>"; };
		A9D79D782A1CD7450085E525 /* Assets.xcassets */ = {isa = PBXFileReference; lastKnownFileType = folder.assetcatalog; name = Assets.xcassets; path = "../../../../../Downloads/AppIcons-2 2/Assets.xcassets"; sourceTree = "<group>"; };
		A9D79D7A2A1DA4B30085E525 /* FitnessComponent.swift */ = {isa = PBXFileReference; fileEncoding = 4; lastKnownFileType = sourcecode.swift; path = FitnessComponent.swift; sourceTree = "<group>"; };
		A9D79D7C2A1DA4BF0085E525 /* Scroll.swift */ = {isa = PBXFileReference; fileEncoding = 4; lastKnownFileType = sourcecode.swift; path = Scroll.swift; sourceTree = "<group>"; };
		A9D79D7E2A1DA4C80085E525 /* Scroll1.swift */ = {isa = PBXFileReference; fileEncoding = 4; lastKnownFileType = sourcecode.swift; path = Scroll1.swift; sourceTree = "<group>"; };
		A9D79D802A1DA4D00085E525 /* Scroll2.swift */ = {isa = PBXFileReference; fileEncoding = 4; lastKnownFileType = sourcecode.swift; path = Scroll2.swift; sourceTree = "<group>"; };
		A9D79D822A1DA4D90085E525 /* Scroll3.swift */ = {isa = PBXFileReference; fileEncoding = 4; lastKnownFileType = sourcecode.swift; path = Scroll3.swift; sourceTree = "<group>"; };
		A9D79D842A1DA4E20085E525 /* Scroll4.swift */ = {isa = PBXFileReference; fileEncoding = 4; lastKnownFileType = sourcecode.swift; path = Scroll4.swift; sourceTree = "<group>"; };
/* End PBXFileReference section */

/* Begin PBXFrameworksBuildPhase section */
		A9D79D3D2A1C5F020085E525 /* Frameworks */ = {
			isa = PBXFrameworksBuildPhase;
			buildActionMask = 2147483647;
			files = (
				A9D79D8B2A1DACB30085E525 /* YouTubePlayerKit in Frameworks */,
			);
			runOnlyForDeploymentPostprocessing = 0;
		};
/* End PBXFrameworksBuildPhase section */

/* Begin PBXGroup section */
		A9D79D372A1C5F020085E525 = {
			isa = PBXGroup;
			children = (
				A9D79D422A1C5F020085E525 /* FitnessPlusClone */,
				A9D79D412A1C5F020085E525 /* Products */,
			);
			sourceTree = "<group>";
		};
		A9D79D412A1C5F020085E525 /* Products */ = {
			isa = PBXGroup;
			children = (
				A9D79D402A1C5F020085E525 /* FitnessPlusClone.app */,
			);
			name = Products;
			sourceTree = "<group>";
		};
		A9D79D422A1C5F020085E525 /* FitnessPlusClone */ = {
			isa = PBXGroup;
			children = (
				A9D79D432A1C5F020085E525 /* FitnessPlusCloneApp.swift */,
				A9D79D452A1C5F020085E525 /* ContentView.swift */,
				A9D79D472A1C5F030085E525 /* Assets.xcassets */,
				A9D79D782A1CD7450085E525 /* Assets.xcassets */,
				A9D79D492A1C5F030085E525 /* Preview Content */,
			);
			path = FitnessPlusClone;
			sourceTree = "<group>";
		};
		A9D79D492A1C5F030085E525 /* Preview Content */ = {
			isa = PBXGroup;
			children = (
				A9D79D5D2A1C9BFA0085E525 /* Screens */,
				A9D79D512A1C66430085E525 /* Colors */,
				A9D79D4A2A1C5F030085E525 /* Preview Assets.xcassets */,
			);
			path = "Preview Content";
			sourceTree = "<group>";
		};
		A9D79D512A1C66430085E525 /* Colors */ = {
			isa = PBXGroup;
			children = (
				A9D79D522A1C66560085E525 /* Colors.swift */,
			);
			path = Colors;
			sourceTree = "<group>";
		};
		A9D79D542A1C73B40085E525 /* Summary */ = {
			isa = PBXGroup;
			children = (
				A9D79D5B2A1C740F0085E525 /* SummaryView.swift */,
				A9D79D662A1CC4440085E525 /* WorkoutView.swift */,
				A9D79D682A1CC4670085E525 /* TrendView.swift */,
			);
			path = Summary;
			sourceTree = "<group>";
		};
		A9D79D552A1C73C80085E525 /* FitnessPlus */ = {
			isa = PBXGroup;
			children = (
				A9D79D842A1DA4E20085E525 /* Scroll4.swift */,
				A9D79D822A1DA4D90085E525 /* Scroll3.swift */,
				A9D79D802A1DA4D00085E525 /* Scroll2.swift */,
				A9D79D7E2A1DA4C80085E525 /* Scroll1.swift */,
				A9D79D7C2A1DA4BF0085E525 /* Scroll.swift */,
				A9D79D7A2A1DA4B30085E525 /* FitnessComponent.swift */,
				A9D79D592A1C74000085E525 /* FitnessPlusView.swift */,
			);
			path = FitnessPlus;
			sourceTree = "<group>";
		};
		A9D79D562A1C73D40085E525 /* Sharing */ = {
			isa = PBXGroup;
			children = (
				A9D79D572A1C73EC0085E525 /* SharingView.swift */,
			);
			path = Sharing;
			sourceTree = "<group>";
		};
		A9D79D5D2A1C9BFA0085E525 /* Screens */ = {
			isa = PBXGroup;
			children = (
				A9D79D5E2A1C9C110085E525 /* OnBoarding */,
				A9D79D542A1C73B40085E525 /* Summary */,
				A9D79D552A1C73C80085E525 /* FitnessPlus */,
				A9D79D562A1C73D40085E525 /* Sharing */,
			);
			path = Screens;
			sourceTree = "<group>";
		};
		A9D79D5E2A1C9C110085E525 /* OnBoarding */ = {
			isa = PBXGroup;
			children = (
				A9D79D602A1C9C3E0085E525 /* Personalize */,
				A9D79D5F2A1C9C360085E525 /* Welcome */,
			);
			path = OnBoarding;
			sourceTree = "<group>";
		};
		A9D79D5F2A1C9C360085E525 /* Welcome */ = {
			isa = PBXGroup;
			children = (
				A9D79D622A1CA5730085E525 /* WelcomeView.swift */,
			);
			path = Welcome;
			sourceTree = "<group>";
		};
		A9D79D602A1C9C3E0085E525 /* Personalize */ = {
			isa = PBXGroup;
			children = (
				A9D79D642A1CAFAB0085E525 /* PersonalizeView.swift */,
			);
			path = Personalize;
			sourceTree = "<group>";
		};
/* End PBXGroup section */

/* Begin PBXNativeTarget section */
		A9D79D3F2A1C5F020085E525 /* FitnessPlusClone */ = {
			isa = PBXNativeTarget;
			buildConfigurationList = A9D79D4E2A1C5F030085E525 /* Build configuration list for PBXNativeTarget "FitnessPlusClone" */;
			buildPhases = (
				A9D79D3C2A1C5F020085E525 /* Sources */,
				A9D79D3D2A1C5F020085E525 /* Frameworks */,
				A9D79D3E2A1C5F020085E525 /* Resources */,
			);
			buildRules = (
			);
			dependencies = (
			);
			name = FitnessPlusClone;
			packageProductDependencies = (
				A9D79D8A2A1DACB30085E525 /* YouTubePlayerKit */,
			);
			productName = FitnessPlusClone;
			productReference = A9D79D402A1C5F020085E525 /* FitnessPlusClone.app */;
			productType = "com.apple.product-type.application";
		};
/* End PBXNativeTarget section */

/* Begin PBXProject section */
		A9D79D382A1C5F020085E525 /* Project object */ = {
			isa = PBXProject;
			attributes = {
				BuildIndependentTargetsInParallel = 1;
				LastSwiftUpdateCheck = 1430;
				LastUpgradeCheck = 1430;
				TargetAttributes = {
					A9D79D3F2A1C5F020085E525 = {
						CreatedOnToolsVersion = 14.3;
					};
				};
			};
			buildConfigurationList = A9D79D3B2A1C5F020085E525 /* Build configuration list for PBXProject "FitnessPlusClone" */;
			compatibilityVersion = "Xcode 14.0";
			developmentRegion = en;
			hasScannedForEncodings = 0;
			knownRegions = (
				en,
				Base,
			);
			mainGroup = A9D79D372A1C5F020085E525;
			packageReferences = (
				A9D79D892A1DACB30085E525 /* XCRemoteSwiftPackageReference "YouTubePlayerKit" */,
			);
			productRefGroup = A9D79D412A1C5F020085E525 /* Products */;
			projectDirPath = "";
			projectRoot = "";
			targets = (
				A9D79D3F2A1C5F020085E525 /* FitnessPlusClone */,
			);
		};
/* End PBXProject section */

/* Begin PBXResourcesBuildPhase section */
		A9D79D3E2A1C5F020085E525 /* Resources */ = {
			isa = PBXResourcesBuildPhase;
			buildActionMask = 2147483647;
			files = (
				A9D79D4B2A1C5F030085E525 /* Preview Assets.xcassets in Resources */,
				A9D79D792A1CD7450085E525 /* Assets.xcassets in Resources */,
				A9D79D482A1C5F030085E525 /* Assets.xcassets in Resources */,
			);
			runOnlyForDeploymentPostprocessing = 0;
		};
/* End PBXResourcesBuildPhase section */

/* Begin PBXSourcesBuildPhase section */
		A9D79D3C2A1C5F020085E525 /* Sources */ = {
			isa = PBXSourcesBuildPhase;
			buildActionMask = 2147483647;
			files = (
				A9D79D7F2A1DA4C80085E525 /* Scroll1.swift in Sources */,
				A9D79D462A1C5F020085E525 /* ContentView.swift in Sources */,
				A9D79D532A1C66560085E525 /* Colors.swift in Sources */,
				A9D79D7D2A1DA4BF0085E525 /* Scroll.swift in Sources */,
				A9D79D7B2A1DA4B30085E525 /* FitnessComponent.swift in Sources */,
				A9D79D692A1CC4670085E525 /* TrendView.swift in Sources */,
				A9D79D442A1C5F020085E525 /* FitnessPlusCloneApp.swift in Sources */,
				A9D79D5A2A1C74000085E525 /* FitnessPlusView.swift in Sources */,
				A9D79D672A1CC4440085E525 /* WorkoutView.swift in Sources */,
				A9D79D812A1DA4D00085E525 /* Scroll2.swift in Sources */,
				A9D79D582A1C73EC0085E525 /* SharingView.swift in Sources */,
				A9D79D852A1DA4E20085E525 /* Scroll4.swift in Sources */,
				A9D79D832A1DA4D90085E525 /* Scroll3.swift in Sources */,
				A9D79D5C2A1C740F0085E525 /* SummaryView.swift in Sources */,
				A9D79D632A1CA5730085E525 /* WelcomeView.swift in Sources */,
				A9D79D652A1CAFAB0085E525 /* PersonalizeView.swift in Sources */,
			);
			runOnlyForDeploymentPostprocessing = 0;
		};
/* End PBXSourcesBuildPhase section */

/* Begin XCBuildConfiguration section */
		A9D79D4C2A1C5F030085E525 /* Debug */ = {
			isa = XCBuildConfiguration;
			buildSettings = {
				ALWAYS_SEARCH_USER_PATHS = NO;
				CLANG_ANALYZER_NONNULL = YES;
				CLANG_ANALYZER_NUMBER_OBJECT_CONVERSION = YES_AGGRESSIVE;
				CLANG_CXX_LANGUAGE_STANDARD = "gnu++20";
				CLANG_ENABLE_MODULES = YES;
				CLANG_ENABLE_OBJC_ARC = YES;
				CLANG_ENABLE_OBJC_WEAK = YES;
				CLANG_WARN_BLOCK_CAPTURE_AUTORELEASING = YES;
				CLANG_WARN_BOOL_CONVERSION = YES;
				CLANG_WARN_COMMA = YES;
				CLANG_WARN_CONSTANT_CONVERSION = YES;
				CLANG_WARN_DEPRECATED_OBJC_IMPLEMENTATIONS = YES;
				CLANG_WARN_DIRECT_OBJC_ISA_USAGE = YES_ERROR;
				CLANG_WARN_DOCUMENTATION_COMMENTS = YES;
				CLANG_WARN_EMPTY_BODY = YES;
				CLANG_WARN_ENUM_CONVERSION = YES;
				CLANG_WARN_INFINITE_RECURSION = YES;
				CLANG_WARN_INT_CONVERSION = YES;
				CLANG_WARN_NON_LITERAL_NULL_CONVERSION = YES;
				CLANG_WARN_OBJC_IMPLICIT_RETAIN_SELF = YES;
				CLANG_WARN_OBJC_LITERAL_CONVERSION = YES;
				CLANG_WARN_OBJC_ROOT_CLASS = YES_ERROR;
				CLANG_WARN_QUOTED_INCLUDE_IN_FRAMEWORK_HEADER = YES;
				CLANG_WARN_RANGE_LOOP_ANALYSIS = YES;
				CLANG_WARN_STRICT_PROTOTYPES = YES;
				CLANG_WARN_SUSPICIOUS_MOVE = YES;
				CLANG_WARN_UNGUARDED_AVAILABILITY = YES_AGGRESSIVE;
				CLANG_WARN_UNREACHABLE_CODE = YES;
				CLANG_WARN__DUPLICATE_METHOD_MATCH = YES;
				COPY_PHASE_STRIP = NO;
				DEBUG_INFORMATION_FORMAT = dwarf;
				ENABLE_STRICT_OBJC_MSGSEND = YES;
				ENABLE_TESTABILITY = YES;
				GCC_C_LANGUAGE_STANDARD = gnu11;
				GCC_DYNAMIC_NO_PIC = NO;
				GCC_NO_COMMON_BLOCKS = YES;
				GCC_OPTIMIZATION_LEVEL = 0;
				GCC_PREPROCESSOR_DEFINITIONS = (
					"DEBUG=1",
					"$(inherited)",
				);
				GCC_WARN_64_TO_32_BIT_CONVERSION = YES;
				GCC_WARN_ABOUT_RETURN_TYPE = YES_ERROR;
				GCC_WARN_UNDECLARED_SELECTOR = YES;
				GCC_WARN_UNINITIALIZED_AUTOS = YES_AGGRESSIVE;
				GCC_WARN_UNUSED_FUNCTION = YES;
				GCC_WARN_UNUSED_VARIABLE = YES;
				IPHONEOS_DEPLOYMENT_TARGET = 16.4;
				MTL_ENABLE_DEBUG_INFO = INCLUDE_SOURCE;
				MTL_FAST_MATH = YES;
				ONLY_ACTIVE_ARCH = YES;
				SDKROOT = iphoneos;
				SWIFT_ACTIVE_COMPILATION_CONDITIONS = DEBUG;
				SWIFT_OPTIMIZATION_LEVEL = "-Onone";
			};
			name = Debug;
		};
		A9D79D4D2A1C5F030085E525 /* Release */ = {
			isa = XCBuildConfiguration;
			buildSettings = {
				ALWAYS_SEARCH_USER_PATHS = NO;
				CLANG_ANALYZER_NONNULL = YES;
				CLANG_ANALYZER_NUMBER_OBJECT_CONVERSION = YES_AGGRESSIVE;
				CLANG_CXX_LANGUAGE_STANDARD = "gnu++20";
				CLANG_ENABLE_MODULES = YES;
				CLANG_ENABLE_OBJC_ARC = YES;
				CLANG_ENABLE_OBJC_WEAK = YES;
				CLANG_WARN_BLOCK_CAPTURE_AUTORELEASING = YES;
				CLANG_WARN_BOOL_CONVERSION = YES;
				CLANG_WARN_COMMA = YES;
				CLANG_WARN_CONSTANT_CONVERSION = YES;
				CLANG_WARN_DEPRECATED_OBJC_IMPLEMENTATIONS = YES;
				CLANG_WARN_DIRECT_OBJC_ISA_USAGE = YES_ERROR;
				CLANG_WARN_DOCUMENTATION_COMMENTS = YES;
				CLANG_WARN_EMPTY_BODY = YES;
				CLANG_WARN_ENUM_CONVERSION = YES;
				CLANG_WARN_INFINITE_RECURSION = YES;
				CLANG_WARN_INT_CONVERSION = YES;
				CLANG_WARN_NON_LITERAL_NULL_CONVERSION = YES;
				CLANG_WARN_OBJC_IMPLICIT_RETAIN_SELF = YES;
				CLANG_WARN_OBJC_LITERAL_CONVERSION = YES;
				CLANG_WARN_OBJC_ROOT_CLASS = YES_ERROR;
				CLANG_WARN_QUOTED_INCLUDE_IN_FRAMEWORK_HEADER = YES;
				CLANG_WARN_RANGE_LOOP_ANALYSIS = YES;
				CLANG_WARN_STRICT_PROTOTYPES = YES;
				CLANG_WARN_SUSPICIOUS_MOVE = YES;
				CLANG_WARN_UNGUARDED_AVAILABILITY = YES_AGGRESSIVE;
				CLANG_WARN_UNREACHABLE_CODE = YES;
				CLANG_WARN__DUPLICATE_METHOD_MATCH = YES;
				COPY_PHASE_STRIP = NO;
				DEBUG_INFORMATION_FORMAT = "dwarf-with-dsym";
				ENABLE_NS_ASSERTIONS = NO;
				ENABLE_STRICT_OBJC_MSGSEND = YES;
				GCC_C_LANGUAGE_STANDARD = gnu11;
				GCC_NO_COMMON_BLOCKS = YES;
				GCC_WARN_64_TO_32_BIT_CONVERSION = YES;
				GCC_WARN_ABOUT_RETURN_TYPE = YES_ERROR;
				GCC_WARN_UNDECLARED_SELECTOR = YES;
				GCC_WARN_UNINITIALIZED_AUTOS = YES_AGGRESSIVE;
				GCC_WARN_UNUSED_FUNCTION = YES;
				GCC_WARN_UNUSED_VARIABLE = YES;
				IPHONEOS_DEPLOYMENT_TARGET = 16.4;
				MTL_ENABLE_DEBUG_INFO = NO;
				MTL_FAST_MATH = YES;
				SDKROOT = iphoneos;
				SWIFT_COMPILATION_MODE = wholemodule;
				SWIFT_OPTIMIZATION_LEVEL = "-O";
				VALIDATE_PRODUCT = YES;
			};
			name = Release;
		};
		A9D79D4F2A1C5F030085E525 /* Debug */ = {
			isa = XCBuildConfiguration;
			buildSettings = {
				ASSETCATALOG_COMPILER_APPICON_NAME = AppIcon;
				ASSETCATALOG_COMPILER_GLOBAL_ACCENT_COLOR_NAME = AccentColor;
				CODE_SIGN_STYLE = Automatic;
				CURRENT_PROJECT_VERSION = 1;
				DEVELOPMENT_ASSET_PATHS = "\"FitnessPlusClone/Preview Content\"";
				DEVELOPMENT_TEAM = 4MV2XTA97J;
				ENABLE_PREVIEWS = YES;
				GENERATE_INFOPLIST_FILE = YES;
				INFOPLIST_KEY_UIApplicationSceneManifest_Generation = YES;
				INFOPLIST_KEY_UIApplicationSupportsIndirectInputEvents = YES;
				INFOPLIST_KEY_UILaunchScreen_Generation = YES;
				INFOPLIST_KEY_UISupportedInterfaceOrientations_iPad = "UIInterfaceOrientationPortrait UIInterfaceOrientationPortraitUpsideDown UIInterfaceOrientationLandscapeLeft UIInterfaceOrientationLandscapeRight";
				INFOPLIST_KEY_UISupportedInterfaceOrientations_iPhone = "UIInterfaceOrientationPortrait UIInterfaceOrientationLandscapeLeft UIInterfaceOrientationLandscapeRight";
				LD_RUNPATH_SEARCH_PATHS = (
					"$(inherited)",
					"@executable_path/Frameworks",
				);
				MARKETING_VERSION = 1.0;
				PRODUCT_BUNDLE_IDENTIFIER = com.Lemon.FitnessPlusClone;
				PRODUCT_NAME = "$(TARGET_NAME)";
				SWIFT_EMIT_LOC_STRINGS = YES;
				SWIFT_VERSION = 5.0;
				TARGETED_DEVICE_FAMILY = "1,2";
			};
			name = Debug;
		};
		A9D79D502A1C5F030085E525 /* Release */ = {
			isa = XCBuildConfiguration;
			buildSettings = {
				ASSETCATALOG_COMPILER_APPICON_NAME = AppIcon;
				ASSETCATALOG_COMPILER_GLOBAL_ACCENT_COLOR_NAME = AccentColor;
				CODE_SIGN_STYLE = Automatic;
				CURRENT_PROJECT_VERSION = 1;
				DEVELOPMENT_ASSET_PATHS = "\"FitnessPlusClone/Preview Content\"";
				DEVELOPMENT_TEAM = 4MV2XTA97J;
				ENABLE_PREVIEWS = YES;
				GENERATE_INFOPLIST_FILE = YES;
				INFOPLIST_KEY_UIApplicationSceneManifest_Generation = YES;
				INFOPLIST_KEY_UIApplicationSupportsIndirectInputEvents = YES;
				INFOPLIST_KEY_UILaunchScreen_Generation = YES;
				INFOPLIST_KEY_UISupportedInterfaceOrientations_iPad = "UIInterfaceOrientationPortrait UIInterfaceOrientationPortraitUpsideDown UIInterfaceOrientationLandscapeLeft UIInterfaceOrientationLandscapeRight";
				INFOPLIST_KEY_UISupportedInterfaceOrientations_iPhone = "UIInterfaceOrientationPortrait UIInterfaceOrientationLandscapeLeft UIInterfaceOrientationLandscapeRight";
				LD_RUNPATH_SEARCH_PATHS = (
					"$(inherited)",
					"@executable_path/Frameworks",
				);
				MARKETING_VERSION = 1.0;
				PRODUCT_BUNDLE_IDENTIFIER = com.Lemon.FitnessPlusClone;
				PRODUCT_NAME = "$(TARGET_NAME)";
				SWIFT_EMIT_LOC_STRINGS = YES;
				SWIFT_VERSION = 5.0;
				TARGETED_DEVICE_FAMILY = "1,2";
			};
			name = Release;
		};
/* End XCBuildConfiguration section */

/* Begin XCConfigurationList section */
		A9D79D3B2A1C5F020085E525 /* Build configuration list for PBXProject "FitnessPlusClone" */ = {
			isa = XCConfigurationList;
			buildConfigurations = (
				A9D79D4C2A1C5F030085E525 /* Debug */,
				A9D79D4D2A1C5F030085E525 /* Release */,
			);
			defaultConfigurationIsVisible = 0;
			defaultConfigurationName = Release;
		};
		A9D79D4E2A1C5F030085E525 /* Build configuration list for PBXNativeTarget "FitnessPlusClone" */ = {
			isa = XCConfigurationList;
			buildConfigurations = (
				A9D79D4F2A1C5F030085E525 /* Debug */,
				A9D79D502A1C5F030085E525 /* Release */,
			);
			defaultConfigurationIsVisible = 0;
			defaultConfigurationName = Release;
		};
/* End XCConfigurationList section */

/* Begin XCRemoteSwiftPackageReference section */
		A9D79D892A1DACB30085E525 /* XCRemoteSwiftPackageReference "YouTubePlayerKit" */ = {
			isa = XCRemoteSwiftPackageReference;
			repositoryURL = "https://github.com/SvenTiigi/YouTubePlayerKit";
			requirement = {
				kind = upToNextMajorVersion;
				minimumVersion = 1.0.0;
			};
		};
/* End XCRemoteSwiftPackageReference section */

/* Begin XCSwiftPackageProductDependency section */
		A9D79D8A2A1DACB30085E525 /* YouTubePlayerKit */ = {
			isa = XCSwiftPackageProductDependency;
			package = A9D79D892A1DACB30085E525 /* XCRemoteSwiftPackageReference "YouTubePlayerKit" */;
			productName = YouTubePlayerKit;
		};
/* End XCSwiftPackageProductDependency section */
	};
	rootObject = A9D79D382A1C5F020085E525 /* Project object */;
}
